// !$*UTF8*$!
{
	archiveVersion = 1;
	classes = {
	};
	objectVersion = 56;
	objects = {

/* Begin PBXBuildFile section */
		03AC845228E681F60072077F /* AppDelegate.swift in Sources */ = {isa = PBXBuildFile; fileRef = 03AC845128E681F60072077F /* AppDelegate.swift */; };
		03AC845428E681F60072077F /* SceneDelegate.swift in Sources */ = {isa = PBXBuildFile; fileRef = 03AC845328E681F60072077F /* SceneDelegate.swift */; };
		03AC845628E681F60072077F /* ViewController.swift in Sources */ = {isa = PBXBuildFile; fileRef = 03AC845528E681F60072077F /* ViewController.swift */; };
		03AC845928E681F60072077F /* Main.storyboard in Resources */ = {isa = PBXBuildFile; fileRef = 03AC845728E681F60072077F /* Main.storyboard */; };
		03AC845B28E681F70072077F /* Assets.xcassets in Resources */ = {isa = PBXBuildFile; fileRef = 03AC845A28E681F70072077F /* Assets.xcassets */; };
		03AC845E28E681F70072077F /* LaunchScreen.storyboard in Resources */ = {isa = PBXBuildFile; fileRef = 03AC845C28E681F70072077F /* LaunchScreen.storyboard */; };
		03AC846928E681F80072077F /* ApplePie_GabaiTests.swift in Sources */ = {isa = PBXBuildFile; fileRef = 03AC846828E681F80072077F /* ApplePie_GabaiTests.swift */; };
		03AC847328E681F80072077F /* ApplePie_GabaiUITests.swift in Sources */ = {isa = PBXBuildFile; fileRef = 03AC847228E681F80072077F /* ApplePie_GabaiUITests.swift */; };
		03AC847528E681F80072077F /* ApplePie_GabaiUITestsLaunchTests.swift in Sources */ = {isa = PBXBuildFile; fileRef = 03AC847428E681F80072077F /* ApplePie_GabaiUITestsLaunchTests.swift */; };
		03AC848228ECDE360072077F /* Game.swift in Sources */ = {isa = PBXBuildFile; fileRef = 03AC848128ECDE360072077F /* Game.swift */; };
/* End PBXBuildFile section */

/* Begin PBXContainerItemProxy section */
		03AC846528E681F80072077F /* PBXContainerItemProxy */ = {
			isa = PBXContainerItemProxy;
			containerPortal = 03AC844628E681F50072077F /* Project object */;
			proxyType = 1;
			remoteGlobalIDString = 03AC844D28E681F50072077F;
			remoteInfo = ApplePie_Gabai;
		};
		03AC846F28E681F80072077F /* PBXContainerItemProxy */ = {
			isa = PBXContainerItemProxy;
			containerPortal = 03AC844628E681F50072077F /* Project object */;
			proxyType = 1;
			remoteGlobalIDString = 03AC844D28E681F50072077F;
			remoteInfo = ApplePie_Gabai;
		};
/* End PBXContainerItemProxy section */

/* Begin PBXFileReference section */
		03AC844E28E681F50072077F /* ApplePie_Gabai.app */ = {isa = PBXFileReference; explicitFileType = wrapper.application; includeInIndex = 0; path = ApplePie_Gabai.app; sourceTree = BUILT_PRODUCTS_DIR; };
		03AC845128E681F60072077F /* AppDelegate.swift */ = {isa = PBXFileReference; lastKnownFileType = sourcecode.swift; path = AppDelegate.swift; sourceTree = "<group>"; };
		03AC845328E681F60072077F /* SceneDelegate.swift */ = {isa = PBXFileReference; lastKnownFileType = sourcecode.swift; path = SceneDelegate.swift; sourceTree = "<group>"; };
		03AC845528E681F60072077F /* ViewController.swift */ = {isa = PBXFileReference; lastKnownFileType = sourcecode.swift; path = ViewController.swift; sourceTree = "<group>"; };
		03AC845828E681F60072077F /* Base */ = {isa = PBXFileReference; lastKnownFileType = file.storyboard; name = Base; path = Base.lproj/Main.storyboard; sourceTree = "<group>"; };
		03AC845A28E681F70072077F /* Assets.xcassets */ = {isa = PBXFileReference; lastKnownFileType = folder.assetcatalog; path = Assets.xcassets; sourceTree = "<group>"; };
		03AC845D28E681F70072077F /* Base */ = {isa = PBXFileReference; lastKnownFileType = file.storyboard; name = Base; path = Base.lproj/LaunchScreen.storyboard; sourceTree = "<group>"; };
		03AC845F28E681F70072077F /* Info.plist */ = {isa = PBXFileReference; lastKnownFileType = text.plist.xml; path = Info.plist; sourceTree = "<group>"; };
		03AC846428E681F80072077F /* ApplePie_GabaiTests.xctest */ = {isa = PBXFileReference; explicitFileType = wrapper.cfbundle; includeInIndex = 0; path = ApplePie_GabaiTests.xctest; sourceTree = BUILT_PRODUCTS_DIR; };
		03AC846828E681F80072077F /* ApplePie_GabaiTests.swift */ = {isa = PBXFileReference; lastKnownFileType = sourcecode.swift; path = ApplePie_GabaiTests.swift; sourceTree = "<group>"; };
		03AC846E28E681F80072077F /* ApplePie_GabaiUITests.xctest */ = {isa = PBXFileReference; explicitFileType = wrapper.cfbundle; includeInIndex = 0; path = ApplePie_GabaiUITests.xctest; sourceTree = BUILT_PRODUCTS_DIR; };
		03AC847228E681F80072077F /* ApplePie_GabaiUITests.swift */ = {isa = PBXFileReference; lastKnownFileType = sourcecode.swift; path = ApplePie_GabaiUITests.swift; sourceTree = "<group>"; };
		03AC847428E681F80072077F /* ApplePie_GabaiUITestsLaunchTests.swift */ = {isa = PBXFileReference; lastKnownFileType = sourcecode.swift; path = ApplePie_GabaiUITestsLaunchTests.swift; sourceTree = "<group>"; };
		03AC848128ECDE360072077F /* Game.swift */ = {isa = PBXFileReference; lastKnownFileType = sourcecode.swift; path = Game.swift; sourceTree = "<group>"; };
/* End PBXFileReference section */

/* Begin PBXFrameworksBuildPhase section */
		03AC844B28E681F50072077F /* Frameworks */ = {
			isa = PBXFrameworksBuildPhase;
			buildActionMask = 2147483647;
			files = (
			);
			runOnlyForDeploymentPostprocessing = 0;
		};
		03AC846128E681F80072077F /* Frameworks */ = {
			isa = PBXFrameworksBuildPhase;
			buildActionMask = 2147483647;
			files = (
			);
			runOnlyForDeploymentPostprocessing = 0;
		};
		03AC846B28E681F80072077F /* Frameworks */ = {
			isa = PBXFrameworksBuildPhase;
			buildActionMask = 2147483647;
			files = (
			);
			runOnlyForDeploymentPostprocessing = 0;
		};
/* End PBXFrameworksBuildPhase section */

/* Begin PBXGroup section */
		03AC844528E681F50072077F = {
			isa = PBXGroup;
			children = (
				03AC845028E681F50072077F /* ApplePie_Gabai */,
				03AC846728E681F80072077F /* ApplePie_GabaiTests */,
				03AC847128E681F80072077F /* ApplePie_GabaiUITests */,
				03AC844F28E681F50072077F /* Products */,
			);
			sourceTree = "<group>";
		};
		03AC844F28E681F50072077F /* Products */ = {
			isa = PBXGroup;
			children = (
				03AC844E28E681F50072077F /* ApplePie_Gabai.app */,
				03AC846428E681F80072077F /* ApplePie_GabaiTests.xctest */,
				03AC846E28E681F80072077F /* ApplePie_GabaiUITests.xctest */,
			);
			name = Products;
			sourceTree = "<group>";
		};
		03AC845028E681F50072077F /* ApplePie_Gabai */ = {
			isa = PBXGroup;
			children = (
				03AC845128E681F60072077F /* AppDelegate.swift */,
				03AC845328E681F60072077F /* SceneDelegate.swift */,
				03AC845528E681F60072077F /* ViewController.swift */,
				03AC848128ECDE360072077F /* Game.swift */,
				03AC845728E681F60072077F /* Main.storyboard */,
				03AC845A28E681F70072077F /* Assets.xcassets */,
				03AC845C28E681F70072077F /* LaunchScreen.storyboard */,
				03AC845F28E681F70072077F /* Info.plist */,
			);
			path = ApplePie_Gabai;
			sourceTree = "<group>";
		};
		03AC846728E681F80072077F /* ApplePie_GabaiTests */ = {
			isa = PBXGroup;
			children = (
				03AC846828E681F80072077F /* ApplePie_GabaiTests.swift */,
			);
			path = ApplePie_GabaiTests;
			sourceTree = "<group>";
		};
		03AC847128E681F80072077F /* ApplePie_GabaiUITests */ = {
			isa = PBXGroup;
			children = (
				03AC847228E681F80072077F /* ApplePie_GabaiUITests.swift */,
				03AC847428E681F80072077F /* ApplePie_GabaiUITestsLaunchTests.swift */,
			);
			path = ApplePie_GabaiUITests;
			sourceTree = "<group>";
		};
/* End PBXGroup section */

/* Begin PBXNativeTarget section */
		03AC844D28E681F50072077F /* ApplePie_Gabai */ = {
			isa = PBXNativeTarget;
			buildConfigurationList = 03AC847828E681F80072077F /* Build configuration list for PBXNativeTarget "ApplePie_Gabai" */;
			buildPhases = (
				03AC844A28E681F50072077F /* Sources */,
				03AC844B28E681F50072077F /* Frameworks */,
				03AC844C28E681F50072077F /* Resources */,
			);
			buildRules = (
			);
			dependencies = (
			);
			name = ApplePie_Gabai;
			productName = ApplePie_Gabai;
			productReference = 03AC844E28E681F50072077F /* ApplePie_Gabai.app */;
			productType = "com.apple.product-type.application";
		};
		03AC846328E681F80072077F /* ApplePie_GabaiTests */ = {
			isa = PBXNativeTarget;
			buildConfigurationList = 03AC847B28E681F80072077F /* Build configuration list for PBXNativeTarget "ApplePie_GabaiTests" */;
			buildPhases = (
				03AC846028E681F80072077F /* Sources */,
				03AC846128E681F80072077F /* Frameworks */,
				03AC846228E681F80072077F /* Resources */,
			);
			buildRules = (
			);
			dependencies = (
				03AC846628E681F80072077F /* PBXTargetDependency */,
			);
			name = ApplePie_GabaiTests;
			productName = ApplePie_GabaiTests;
			productReference = 03AC846428E681F80072077F /* ApplePie_GabaiTests.xctest */;
			productType = "com.apple.product-type.bundle.unit-test";
		};
		03AC846D28E681F80072077F /* ApplePie_GabaiUITests */ = {
			isa = PBXNativeTarget;
			buildConfigurationList = 03AC847E28E681F80072077F /* Build configuration list for PBXNativeTarget "ApplePie_GabaiUITests" */;
			buildPhases = (
				03AC846A28E681F80072077F /* Sources */,
				03AC846B28E681F80072077F /* Frameworks */,
				03AC846C28E681F80072077F /* Resources */,
			);
			buildRules = (
			);
			dependencies = (
				03AC847028E681F80072077F /* PBXTargetDependency */,
			);
			name = ApplePie_GabaiUITests;
			productName = ApplePie_GabaiUITests;
			productReference = 03AC846E28E681F80072077F /* ApplePie_GabaiUITests.xctest */;
			productType = "com.apple.product-type.bundle.ui-testing";
		};
/* End PBXNativeTarget section */

/* Begin PBXProject section */
		03AC844628E681F50072077F /* Project object */ = {
			isa = PBXProject;
			attributes = {
				BuildIndependentTargetsInParallel = 1;
				LastSwiftUpdateCheck = 1400;
				LastUpgradeCheck = 1400;
				ORGANIZATIONNAME = NicholasGabai;
				TargetAttributes = {
					03AC844D28E681F50072077F = {
						CreatedOnToolsVersion = 14.0.1;
					};
					03AC846328E681F80072077F = {
						CreatedOnToolsVersion = 14.0.1;
						TestTargetID = 03AC844D28E681F50072077F;
					};
					03AC846D28E681F80072077F = {
						CreatedOnToolsVersion = 14.0.1;
						TestTargetID = 03AC844D28E681F50072077F;
					};
				};
			};
			buildConfigurationList = 03AC844928E681F50072077F /* Build configuration list for PBXProject "ApplePie_Gabai" */;
			compatibilityVersion = "Xcode 14.0";
			developmentRegion = en;
			hasScannedForEncodings = 0;
			knownRegions = (
				en,
				Base,
			);
			mainGroup = 03AC844528E681F50072077F;
			productRefGroup = 03AC844F28E681F50072077F /* Products */;
			projectDirPath = "";
			projectRoot = "";
			targets = (
				03AC844D28E681F50072077F /* ApplePie_Gabai */,
				03AC846328E681F80072077F /* ApplePie_GabaiTests */,
				03AC846D28E681F80072077F /* ApplePie_GabaiUITests */,
			);
		};
/* End PBXProject section */

/* Begin PBXResourcesBuildPhase section */
		03AC844C28E681F50072077F /* Resources */ = {
			isa = PBXResourcesBuildPhase;
			buildActionMask = 2147483647;
			files = (
				03AC845E28E681F70072077F /* LaunchScreen.storyboard in Resources */,
				03AC845B28E681F70072077F /* Assets.xcassets in Resources */,
				03AC845928E681F60072077F /* Main.storyboard in Resources */,
			);
			runOnlyForDeploymentPostprocessing = 0;
		};
		03AC846228E681F80072077F /* Resources */ = {
			isa = PBXResourcesBuildPhase;
			buildActionMask = 2147483647;
			files = (
			);
			runOnlyForDeploymentPostprocessing = 0;
		};
		03AC846C28E681F80072077F /* Resources */ = {
			isa = PBXResourcesBuildPhase;
			buildActionMask = 2147483647;
			files = (
			);
			runOnlyForDeploymentPostprocessing = 0;
		};
/* End PBXResourcesBuildPhase section */

/* Begin PBXSourcesBuildPhase section */
		03AC844A28E681F50072077F /* Sources */ = {
			isa = PBXSourcesBuildPhase;
			buildActionMask = 2147483647;
			files = (
				03AC845628E681F60072077F /* ViewController.swift in Sources */,
				03AC845228E681F60072077F /* AppDelegate.swift in Sources */,
				03AC845428E681F60072077F /* SceneDelegate.swift in Sources */,
				03AC848228ECDE360072077F /* Game.swift in Sources */,
			);
			runOnlyForDeploymentPostprocessing = 0;
		};
		03AC846028E681F80072077F /* Sources */ = {
			isa = PBXSourcesBuildPhase;
			buildActionMask = 2147483647;
			files = (
				03AC846928E681F80072077F /* ApplePie_GabaiTests.swift in Sources */,
			);
			runOnlyForDeploymentPostprocessing = 0;
		};
		03AC846A28E681F80072077F /* Sources */ = {
			isa = PBXSourcesBuildPhase;
			buildActionMask = 2147483647;
			files = (
				03AC847328E681F80072077F /* ApplePie_GabaiUITests.swift in Sources */,
				03AC847528E681F80072077F /* ApplePie_GabaiUITestsLaunchTests.swift in Sources */,
			);
			runOnlyForDeploymentPostprocessing = 0;
		};
/* End PBXSourcesBuildPhase section */

/* Begin PBXTargetDependency section */
		03AC846628E681F80072077F /* PBXTargetDependency */ = {
			isa = PBXTargetDependency;
			target = 03AC844D28E681F50072077F /* ApplePie_Gabai */;
			targetProxy = 03AC846528E681F80072077F /* PBXContainerItemProxy */;
		};
		03AC847028E681F80072077F /* PBXTargetDependency */ = {
			isa = PBXTargetDependency;
			target = 03AC844D28E681F50072077F /* ApplePie_Gabai */;
			targetProxy = 03AC846F28E681F80072077F /* PBXContainerItemProxy */;
		};
/* End PBXTargetDependency section */

/* Begin PBXVariantGroup section */
		03AC845728E681F60072077F /* Main.storyboard */ = {
			isa = PBXVariantGroup;
			children = (
				03AC845828E681F60072077F /* Base */,
			);
			name = Main.storyboard;
			sourceTree = "<group>";
		};
		03AC845C28E681F70072077F /* LaunchScreen.storyboard */ = {
			isa = PBXVariantGroup;
			children = (
				03AC845D28E681F70072077F /* Base */,
			);
			name = LaunchScreen.storyboard;
			sourceTree = "<group>";
		};
/* End PBXVariantGroup section */

/* Begin XCBuildConfiguration section */
		03AC847628E681F80072077F /* Debug */ = {
			isa = XCBuildConfiguration;
			buildSettings = {
				ALWAYS_SEARCH_USER_PATHS = NO;
				CLANG_ANALYZER_NONNULL = YES;
				CLANG_ANALYZER_NUMBER_OBJECT_CONVERSION = YES_AGGRESSIVE;
				CLANG_CXX_LANGUAGE_STANDARD = "gnu++20";
				CLANG_ENABLE_MODULES = YES;
				CLANG_ENABLE_OBJC_ARC = YES;
				CLANG_ENABLE_OBJC_WEAK = YES;
				CLANG_WARN_BLOCK_CAPTURE_AUTORELEASING = YES;
				CLANG_WARN_BOOL_CONVERSION = YES;
				CLANG_WARN_COMMA = YES;
				CLANG_WARN_CONSTANT_CONVERSION = YES;
				CLANG_WARN_DEPRECATED_OBJC_IMPLEMENTATIONS = YES;
				CLANG_WARN_DIRECT_OBJC_ISA_USAGE = YES_ERROR;
				CLANG_WARN_DOCUMENTATION_COMMENTS = YES;
				CLANG_WARN_EMPTY_BODY = YES;
				CLANG_WARN_ENUM_CONVERSION = YES;
				CLANG_WARN_INFINITE_RECURSION = YES;
				CLANG_WARN_INT_CONVERSION = YES;
				CLANG_WARN_NON_LITERAL_NULL_CONVERSION = YES;
				CLANG_WARN_OBJC_IMPLICIT_RETAIN_SELF = YES;
				CLANG_WARN_OBJC_LITERAL_CONVERSION = YES;
				CLANG_WARN_OBJC_ROOT_CLASS = YES_ERROR;
				CLANG_WARN_QUOTED_INCLUDE_IN_FRAMEWORK_HEADER = YES;
				CLANG_WARN_RANGE_LOOP_ANALYSIS = YES;
				CLANG_WARN_STRICT_PROTOTYPES = YES;
				CLANG_WARN_SUSPICIOUS_MOVE = YES;
				CLANG_WARN_UNGUARDED_AVAILABILITY = YES_AGGRESSIVE;
				CLANG_WARN_UNREACHABLE_CODE = YES;
				CLANG_WARN__DUPLICATE_METHOD_MATCH = YES;
				COPY_PHASE_STRIP = NO;
				DEBUG_INFORMATION_FORMAT = dwarf;
				ENABLE_STRICT_OBJC_MSGSEND = YES;
				ENABLE_TESTABILITY = YES;
				GCC_C_LANGUAGE_STANDARD = gnu11;
				GCC_DYNAMIC_NO_PIC = NO;
				GCC_NO_COMMON_BLOCKS = YES;
				GCC_OPTIMIZATION_LEVEL = 0;
				GCC_PREPROCESSOR_DEFINITIONS = (
					"DEBUG=1",
					"$(inherited)",
				);
				GCC_WARN_64_TO_32_BIT_CONVERSION = YES;
				GCC_WARN_ABOUT_RETURN_TYPE = YES_ERROR;
				GCC_WARN_UNDECLARED_SELECTOR = YES;
				GCC_WARN_UNINITIALIZED_AUTOS = YES_AGGRESSIVE;
				GCC_WARN_UNUSED_FUNCTION = YES;
				GCC_WARN_UNUSED_VARIABLE = YES;
				IPHONEOS_DEPLOYMENT_TARGET = 16.0;
				MTL_ENABLE_DEBUG_INFO = INCLUDE_SOURCE;
				MTL_FAST_MATH = YES;
				ONLY_ACTIVE_ARCH = YES;
				SDKROOT = iphoneos;
				SWIFT_ACTIVE_COMPILATION_CONDITIONS = DEBUG;
				SWIFT_OPTIMIZATION_LEVEL = "-Onone";
			};
			name = Debug;
		};
		03AC847728E681F80072077F /* Release */ = {
			isa = XCBuildConfiguration;
			buildSettings = {
				ALWAYS_SEARCH_USER_PATHS = NO;
				CLANG_ANALYZER_NONNULL = YES;
				CLANG_ANALYZER_NUMBER_OBJECT_CONVERSION = YES_AGGRESSIVE;
				CLANG_CXX_LANGUAGE_STANDARD = "gnu++20";
				CLANG_ENABLE_MODULES = YES;
				CLANG_ENABLE_OBJC_ARC = YES;
				CLANG_ENABLE_OBJC_WEAK = YES;
				CLANG_WARN_BLOCK_CAPTURE_AUTORELEASING = YES;
				CLANG_WARN_BOOL_CONVERSION = YES;
				CLANG_WARN_COMMA = YES;
				CLANG_WARN_CONSTANT_CONVERSION = YES;
				CLANG_WARN_DEPRECATED_OBJC_IMPLEMENTATIONS = YES;
				CLANG_WARN_DIRECT_OBJC_ISA_USAGE = YES_ERROR;
				CLANG_WARN_DOCUMENTATION_COMMENTS = YES;
				CLANG_WARN_EMPTY_BODY = YES;
				CLANG_WARN_ENUM_CONVERSION = YES;
				CLANG_WARN_INFINITE_RECURSION = YES;
				CLANG_WARN_INT_CONVERSION = YES;
				CLANG_WARN_NON_LITERAL_NULL_CONVERSION = YES;
				CLANG_WARN_OBJC_IMPLICIT_RETAIN_SELF = YES;
				CLANG_WARN_OBJC_LITERAL_CONVERSION = YES;
				CLANG_WARN_OBJC_ROOT_CLASS = YES_ERROR;
				CLANG_WARN_QUOTED_INCLUDE_IN_FRAMEWORK_HEADER = YES;
				CLANG_WARN_RANGE_LOOP_ANALYSIS = YES;
				CLANG_WARN_STRICT_PROTOTYPES = YES;
				CLANG_WARN_SUSPICIOUS_MOVE = YES;
				CLANG_WARN_UNGUARDED_AVAILABILITY = YES_AGGRESSIVE;
				CLANG_WARN_UNREACHABLE_CODE = YES;
				CLANG_WARN__DUPLICATE_METHOD_MATCH = YES;
				COPY_PHASE_STRIP = NO;
				DEBUG_INFORMATION_FORMAT = "dwarf-with-dsym";
				ENABLE_NS_ASSERTIONS = NO;
				ENABLE_STRICT_OBJC_MSGSEND = YES;
				GCC_C_LANGUAGE_STANDARD = gnu11;
				GCC_NO_COMMON_BLOCKS = YES;
				GCC_WARN_64_TO_32_BIT_CONVERSION = YES;
				GCC_WARN_ABOUT_RETURN_TYPE = YES_ERROR;
				GCC_WARN_UNDECLARED_SELECTOR = YES;
				GCC_WARN_UNINITIALIZED_AUTOS = YES_AGGRESSIVE;
				GCC_WARN_UNUSED_FUNCTION = YES;
				GCC_WARN_UNUSED_VARIABLE = YES;
				IPHONEOS_DEPLOYMENT_TARGET = 16.0;
				MTL_ENABLE_DEBUG_INFO = NO;
				MTL_FAST_MATH = YES;
				SDKROOT = iphoneos;
				SWIFT_COMPILATION_MODE = wholemodule;
				SWIFT_OPTIMIZATION_LEVEL = "-O";
				VALIDATE_PRODUCT = YES;
			};
			name = Release;
		};
		03AC847928E681F80072077F /* Debug */ = {
			isa = XCBuildConfiguration;
			buildSettings = {
				ASSETCATALOG_COMPILER_APPICON_NAME = AppIcon;
				ASSETCATALOG_COMPILER_GLOBAL_ACCENT_COLOR_NAME = AccentColor;
				CODE_SIGN_STYLE = Automatic;
				CURRENT_PROJECT_VERSION = 1;
				DEVELOPMENT_TEAM = 26T3W7SG3B;
				GENERATE_INFOPLIST_FILE = YES;
				INFOPLIST_FILE = ApplePie_Gabai/Info.plist;
				INFOPLIST_KEY_UIApplicationSupportsIndirectInputEvents = YES;
				INFOPLIST_KEY_UILaunchStoryboardName = LaunchScreen;
				INFOPLIST_KEY_UIMainStoryboardFile = Main;
				INFOPLIST_KEY_UISupportedInterfaceOrientations_iPad = "UIInterfaceOrientationPortrait UIInterfaceOrientationPortraitUpsideDown UIInterfaceOrientationLandscapeLeft UIInterfaceOrientationLandscapeRight";
				INFOPLIST_KEY_UISupportedInterfaceOrientations_iPhone = "UIInterfaceOrientationPortrait UIInterfaceOrientationLandscapeLeft UIInterfaceOrientationLandscapeRight";
				LD_RUNPATH_SEARCH_PATHS = (
					"$(inherited)",
					"@executable_path/Frameworks",
				);
				MARKETING_VERSION = 1.0;
				PRODUCT_BUNDLE_IDENTIFIER = "NicholasGabai.ApplePie-Gabai";
				PRODUCT_NAME = "$(TARGET_NAME)";
				SWIFT_EMIT_LOC_STRINGS = YES;
				SWIFT_VERSION = 5.0;
				TARGETED_DEVICE_FAMILY = "1,2";
			};
			name = Debug;
		};
		03AC847A28E681F80072077F /* Release */ = {
			isa = XCBuildConfiguration;
			buildSettings = {
				ASSETCATALOG_COMPILER_APPICON_NAME = AppIcon;
				ASSETCATALOG_COMPILER_GLOBAL_ACCENT_COLOR_NAME = AccentColor;
				CODE_SIGN_STYLE = Automatic;
				CURRENT_PROJECT_VERSION = 1;
				DEVELOPMENT_TEAM = 26T3W7SG3B;
				GENERATE_INFOPLIST_FILE = YES;
				INFOPLIST_FILE = ApplePie_Gabai/Info.plist;
				INFOPLIST_KEY_UIApplicationSupportsIndirectInputEvents = YES;
				INFOPLIST_KEY_UILaunchStoryboardName = LaunchScreen;
				INFOPLIST_KEY_UIMainStoryboardFile = Main;
				INFOPLIST_KEY_UISupportedInterfaceOrientations_iPad = "UIInterfaceOrientationPortrait UIInterfaceOrientationPortraitUpsideDown UIInterfaceOrientationLandscapeLeft UIInterfaceOrientationLandscapeRight";
				INFOPLIST_KEY_UISupportedInterfaceOrientations_iPhone = "UIInterfaceOrientationPortrait UIInterfaceOrientationLandscapeLeft UIInterfaceOrientationLandscapeRight";
				LD_RUNPATH_SEARCH_PATHS = (
					"$(inherited)",
					"@executable_path/Frameworks",
				);
				MARKETING_VERSION = 1.0;
				PRODUCT_BUNDLE_IDENTIFIER = "NicholasGabai.ApplePie-Gabai";
				PRODUCT_NAME = "$(TARGET_NAME)";
				SWIFT_EMIT_LOC_STRINGS = YES;
				SWIFT_VERSION = 5.0;
				TARGETED_DEVICE_FAMILY = "1,2";
			};
			name = Release;
		};
		03AC847C28E681F80072077F /* Debug */ = {
			isa = XCBuildConfiguration;
			buildSettings = {
				ALWAYS_EMBED_SWIFT_STANDARD_LIBRARIES = YES;
				BUNDLE_LOADER = "$(TEST_HOST)";
				CODE_SIGN_STYLE = Automatic;
				CURRENT_PROJECT_VERSION = 1;
				DEVELOPMENT_TEAM = 26T3W7SG3B;
				GENERATE_INFOPLIST_FILE = YES;
				IPHONEOS_DEPLOYMENT_TARGET = 16.0;
				MARKETING_VERSION = 1.0;
				PRODUCT_BUNDLE_IDENTIFIER = "NicholasGabai.ApplePie-GabaiTests";
				PRODUCT_NAME = "$(TARGET_NAME)";
				SWIFT_EMIT_LOC_STRINGS = NO;
				SWIFT_VERSION = 5.0;
				TARGETED_DEVICE_FAMILY = "1,2";
				TEST_HOST = "$(BUILT_PRODUCTS_DIR)/ApplePie_Gabai.app/$(BUNDLE_EXECUTABLE_FOLDER_PATH)/ApplePie_Gabai";
			};
			name = Debug;
		};
		03AC847D28E681F80072077F /* Release */ = {
			isa = XCBuildConfiguration;
			buildSettings = {
				ALWAYS_EMBED_SWIFT_STANDARD_LIBRARIES = YES;
				BUNDLE_LOADER = "$(TEST_HOST)";
				CODE_SIGN_STYLE = Automatic;
				CURRENT_PROJECT_VERSION = 1;
				DEVELOPMENT_TEAM = 26T3W7SG3B;
				GENERATE_INFOPLIST_FILE = YES;
				IPHONEOS_DEPLOYMENT_TARGET = 16.0;
				MARKETING_VERSION = 1.0;
				PRODUCT_BUNDLE_IDENTIFIER = "NicholasGabai.ApplePie-GabaiTests";
				PRODUCT_NAME = "$(TARGET_NAME)";
				SWIFT_EMIT_LOC_STRINGS = NO;
				SWIFT_VERSION = 5.0;
				TARGETED_DEVICE_FAMILY = "1,2";
				TEST_HOST = "$(BUILT_PRODUCTS_DIR)/ApplePie_Gabai.app/$(BUNDLE_EXECUTABLE_FOLDER_PATH)/ApplePie_Gabai";
			};
			name = Release;
		};
		03AC847F28E681F80072077F /* Debug */ = {
			isa = XCBuildConfiguration;
			buildSettings = {
				ALWAYS_EMBED_SWIFT_STANDARD_LIBRARIES = YES;
				CODE_SIGN_STYLE = Automatic;
				CURRENT_PROJECT_VERSION = 1;
				DEVELOPMENT_TEAM = 26T3W7SG3B;
				GENERATE_INFOPLIST_FILE = YES;
				MARKETING_VERSION = 1.0;
				PRODUCT_BUNDLE_IDENTIFIER = "NicholasGabai.ApplePie-GabaiUITests";
				PRODUCT_NAME = "$(TARGET_NAME)";
				SWIFT_EMIT_LOC_STRINGS = NO;
				SWIFT_VERSION = 5.0;
				TARGETED_DEVICE_FAMILY = "1,2";
				TEST_TARGET_NAME = ApplePie_Gabai;
			};
			name = Debug;
		};
		03AC848028E681F80072077F /* Release */ = {
			isa = XCBuildConfiguration;
			buildSettings = {
				ALWAYS_EMBED_SWIFT_STANDARD_LIBRARIES = YES;
				CODE_SIGN_STYLE = Automatic;
				CURRENT_PROJECT_VERSION = 1;
				DEVELOPMENT_TEAM = 26T3W7SG3B;
				GENERATE_INFOPLIST_FILE = YES;
				MARKETING_VERSION = 1.0;
				PRODUCT_BUNDLE_IDENTIFIER = "NicholasGabai.ApplePie-GabaiUITests";
				PRODUCT_NAME = "$(TARGET_NAME)";
				SWIFT_EMIT_LOC_STRINGS = NO;
				SWIFT_VERSION = 5.0;
				TARGETED_DEVICE_FAMILY = "1,2";
				TEST_TARGET_NAME = ApplePie_Gabai;
			};
			name = Release;
		};
/* End XCBuildConfiguration section */

/* Begin XCConfigurationList section */
		03AC844928E681F50072077F /* Build configuration list for PBXProject "ApplePie_Gabai" */ = {
			isa = XCConfigurationList;
			buildConfigurations = (
				03AC847628E681F80072077F /* Debug */,
				03AC847728E681F80072077F /* Release */,
			);
			defaultConfigurationIsVisible = 0;
			defaultConfigurationName = Release;
		};
		03AC847828E681F80072077F /* Build configuration list for PBXNativeTarget "ApplePie_Gabai" */ = {
			isa = XCConfigurationList;
			buildConfigurations = (
				03AC847928E681F80072077F /* Debug */,
				03AC847A28E681F80072077F /* Release */,
			);
			defaultConfigurationIsVisible = 0;
			defaultConfigurationName = Release;
		};
		03AC847B28E681F80072077F /* Build configuration list for PBXNativeTarget "ApplePie_GabaiTests" */ = {
			isa = XCConfigurationList;
			buildConfigurations = (
				03AC847C28E681F80072077F /* Debug */,
				03AC847D28E681F80072077F /* Release */,
			);
			defaultConfigurationIsVisible = 0;
			defaultConfigurationName = Release;
		};
		03AC847E28E681F80072077F /* Build configuration list for PBXNativeTarget "ApplePie_GabaiUITests" */ = {
			isa = XCConfigurationList;
			buildConfigurations = (
				03AC847F28E681F80072077F /* Debug */,
				03AC848028E681F80072077F /* Release */,
			);
			defaultConfigurationIsVisible = 0;
			defaultConfigurationName = Release;
		};
/* End XCConfigurationList section */
	};
	rootObject = 03AC844628E681F50072077F /* Project object */;
}
